
Microsoft Visual Studio Solution File, Format Version 12.00
# Visual Studio Version 17
VisualStudioVersion = 17.11.35219.272
MinimumVisualStudioVersion = 10.0.40219.1
Project("{2150E333-8FDC-42A3-9474-1A3956D46DE8}") = "00.Framework", "00.Framework", "{8D8F790B-0F10-43FE-9D81-01257D45673B}"
EndProject
Project("{2150E333-8FDC-42A3-9474-1A3956D46DE8}") = "01.SRC", "01.SRC", "{4559AE1B-DDE3-43F2-B865-C306246F7097}"
EndProject
Project("{2150E333-8FDC-42A3-9474-1A3956D46DE8}") = "02.TEST", "02.TEST", "{25586286-2334-4F71-AD4C-C999AE7EE399}"
EndProject
Project("{2150E333-8FDC-42A3-9474-1A3956D46DE8}") = "01.Utilities", "01.Utilities", "{199C1D70-870D-48AB-9FF5-93CED8969945}"
EndProject
Project("{2150E333-8FDC-42A3-9474-1A3956D46DE8}") = "02.Core", "02.Core", "{13003377-22BA-4785-AE37-56A4A33EED83}"
EndProject
Project("{2150E333-8FDC-42A3-9474-1A3956D46DE8}") = "03.Infrastructure", "03.Infrastructure", "{3416F9E1-69A5-454F-99EF-57ECDB44072F}"
EndProject
Project("{2150E333-8FDC-42A3-9474-1A3956D46DE8}") = "04.Endpoints", "04.Endpoints", "{E705A8D2-F8DA-4AC8-882F-5F524529EB10}"
EndProject
Project("{2150E333-8FDC-42A3-9474-1A3956D46DE8}") = "01.Core", "01.Core", "{D9B97625-1038-4447-8C34-A1B680E74151}"
EndProject
Project("{2150E333-8FDC-42A3-9474-1A3956D46DE8}") = "02.Infrastructure", "02.Infrastructure", "{E472655B-F17B-45DF-8546-4D7B596E0FFE}"
EndProject
Project("{2150E333-8FDC-42A3-9474-1A3956D46DE8}") = "03.Endpoints", "03.Endpoints", "{C946D98A-14C1-45F1-89E9-735531CE483A}"
EndProject
Project("{9A19103F-16F7-4668-BE54-9A1E7A4F7556}") = "CTaxCalculator.Src.Endpoints.API", "01.SRC\03.Endpoints\CTaxCalculator.Src.Endpoints.API\CTaxCalculator.Src.Endpoints.API.csproj", "{911F6D22-055C-410C-9E02-1379E9CCC48C}"
EndProject
Project("{9A19103F-16F7-4668-BE54-9A1E7A4F7556}") = "CTaxCalculator.Framework.Utilities.OutServices", "00.Framework\01.Utilities\CTaxCalculator.Framework.Utilities.OutServices\CTaxCalculator.Framework.Utilities.OutServices.csproj", "{0D3F4A64-31F7-40BA-B8E3-9D190A35E83C}"
EndProject
Project("{9A19103F-16F7-4668-BE54-9A1E7A4F7556}") = "CTaxCalculator.Framework.Core.Domain", "00.Framework\02.Core\CTaxCalculator.Framework.Core.Domain\CTaxCalculator.Framework.Core.Domain.csproj", "{8DA49EB1-094C-45A0-BEE2-2A40654C3D0E}"
EndProject
Project("{9A19103F-16F7-4668-BE54-9A1E7A4F7556}") = "CTaxCalculator.Framework.Core.ApplicationServices", "00.Framework\02.Core\CTaxCalculator.Framework.Core.ApplicationServices\CTaxCalculator.Framework.Core.ApplicationServices.csproj", "{B4BEF045-25A7-4FED-BAF1-D17BB7309EA8}"
EndProject
Project("{9A19103F-16F7-4668-BE54-9A1E7A4F7556}") = "CTaxCalculator.Framework.Core.Contracts", "00.Framework\02.Core\CTaxCalculator.Framework.Core.Contracts\CTaxCalculator.Framework.Core.Contracts.csproj", "{068E7B0F-45BA-431B-BD14-A734D57C522F}"
EndProject
Project("{9A19103F-16F7-4668-BE54-9A1E7A4F7556}") = "CTaxCalculator.Framework.Core.RequestResponse", "00.Framework\02.Core\CTaxCalculator.Framework.Core.RequestResponse\CTaxCalculator.Framework.Core.RequestResponse.csproj", "{8A35AA14-9D21-426D-8D3E-90D43BB3E97A}"
EndProject
Project("{2150E333-8FDC-42A3-9474-1A3956D46DE8}") = "Data", "Data", "{DF58448E-FCA1-4E0F-B9C6-4566A070411E}"
EndProject
Project("{9A19103F-16F7-4668-BE54-9A1E7A4F7556}") = "CTaxCalculator.Framework.Infra.Data.SQLCommands", "00.Framework\03.Infrastructure\Data\CTaxCalculator.Framework.Infra.Data.SQLCommands\CTaxCalculator.Framework.Infra.Data.SQLCommands.csproj", "{974DDAB2-488E-440E-92F4-6585EB1CEFE2}"
EndProject
Project("{9A19103F-16F7-4668-BE54-9A1E7A4F7556}") = "CTaxCalculator.Framework.Infra.Data.SQLQueries", "00.Framework\03.Infrastructure\Data\CTaxCalculator.Framework.Infra.Data.SQLQueries\CTaxCalculator.Framework.Infra.Data.SQLQueries.csproj", "{7930B6CE-2F01-4F85-8862-35E99C7F37C2}"
EndProject
Project("{9A19103F-16F7-4668-BE54-9A1E7A4F7556}") = "CTaxCalculator.Framework.Endpoints.Web", "00.Framework\04.Endpoints\CTaxCalculator.Framework.Endpoints.Web\CTaxCalculator.Framework.Endpoints.Web.csproj", "{03C9BDD1-A5AA-43C2-85F0-0AD81FD1928B}"
EndProject
Project("{9A19103F-16F7-4668-BE54-9A1E7A4F7556}") = "CTaxCalculator.Src.Core.Domain", "01.SRC\01.Core\CTaxCalculator.Src.Core.Domain\CTaxCalculator.Src.Core.Domain.csproj", "{B650ADA1-4CFD-418F-8082-BE0FEC160A90}"
EndProject
Project("{9A19103F-16F7-4668-BE54-9A1E7A4F7556}") = "CTaxCalculator.Src.Core.ApplicationServices", "01.SRC\01.Core\CTaxCalculator.Src.Core.ApplicationServices\CTaxCalculator.Src.Core.ApplicationServices.csproj", "{A4EC784A-8EE8-4209-9E6C-A22CAA133B08}"
EndProject
Project("{9A19103F-16F7-4668-BE54-9A1E7A4F7556}") = "CTaxCalculator.Src.Core.Contracts", "01.SRC\01.Core\CTaxCalculator.Src.Core.Contracts\CTaxCalculator.Src.Core.Contracts.csproj", "{899E1E95-5DED-4236-9A94-58049194091C}"
EndProject
Project("{9A19103F-16F7-4668-BE54-9A1E7A4F7556}") = "CTaxCalculator.Src.Core.RequestResponse", "01.SRC\01.Core\CTaxCalculator.Src.Core.RequestResponse\CTaxCalculator.Src.Core.RequestResponse.csproj", "{0493E8E3-D1C0-4B58-9D10-1A840A7B20E9}"
EndProject
Project("{2150E333-8FDC-42A3-9474-1A3956D46DE8}") = "MSSQLData", "MSSQLData", "{452FD781-09B2-479A-9EA1-CD676C8C3CC1}"
EndProject
Project("{9A19103F-16F7-4668-BE54-9A1E7A4F7556}") = "CTaxCalculator.Src.Infra.MSSQLData.SQLCommands", "01.SRC\02.Infrastructure\MSSQLData\CTaxCalculator.Src.Infra.MSSQLData.SQLCommands\CTaxCalculator.Src.Infra.MSSQLData.SQLCommands.csproj", "{BAF06077-AE55-4D50-AD4C-D9D2CE1188CF}"
EndProject
Project("{9A19103F-16F7-4668-BE54-9A1E7A4F7556}") = "CTaxCalculator.Src.Infra.MSSQLData.SQLQueries", "01.SRC\02.Infrastructure\MSSQLData\CTaxCalculator.Src.Infra.MSSQLData.SQLQueries\CTaxCalculator.Src.Infra.MSSQLData.SQLQueries.csproj", "{1B0DAAF1-1A3B-4ABE-BF86-C0FAAB37C777}"
EndProject
Global
	GlobalSection(SolutionConfigurationPlatforms) = preSolution
		Debug|Any CPU = Debug|Any CPU
		Release|Any CPU = Release|Any CPU
	EndGlobalSection
	GlobalSection(ProjectConfigurationPlatforms) = postSolution
		{911F6D22-055C-410C-9E02-1379E9CCC48C}.Debug|Any CPU.ActiveCfg = Debug|Any CPU
		{911F6D22-055C-410C-9E02-1379E9CCC48C}.Debug|Any CPU.Build.0 = Debug|Any CPU
		{911F6D22-055C-410C-9E02-1379E9CCC48C}.Release|Any CPU.ActiveCfg = Release|Any CPU
		{911F6D22-055C-410C-9E02-1379E9CCC48C}.Release|Any CPU.Build.0 = Release|Any CPU
		{0D3F4A64-31F7-40BA-B8E3-9D190A35E83C}.Debug|Any CPU.ActiveCfg = Debug|Any CPU
		{0D3F4A64-31F7-40BA-B8E3-9D190A35E83C}.Debug|Any CPU.Build.0 = Debug|Any CPU
		{0D3F4A64-31F7-40BA-B8E3-9D190A35E83C}.Release|Any CPU.ActiveCfg = Release|Any CPU
		{0D3F4A64-31F7-40BA-B8E3-9D190A35E83C}.Release|Any CPU.Build.0 = Release|Any CPU
		{8DA49EB1-094C-45A0-BEE2-2A40654C3D0E}.Debug|Any CPU.ActiveCfg = Debug|Any CPU
		{8DA49EB1-094C-45A0-BEE2-2A40654C3D0E}.Debug|Any CPU.Build.0 = Debug|Any CPU
		{8DA49EB1-094C-45A0-BEE2-2A40654C3D0E}.Release|Any CPU.ActiveCfg = Release|Any CPU
		{8DA49EB1-094C-45A0-BEE2-2A40654C3D0E}.Release|Any CPU.Build.0 = Release|Any CPU
		{B4BEF045-25A7-4FED-BAF1-D17BB7309EA8}.Debug|Any CPU.ActiveCfg = Debug|Any CPU
		{B4BEF045-25A7-4FED-BAF1-D17BB7309EA8}.Debug|Any CPU.Build.0 = Debug|Any CPU
		{B4BEF045-25A7-4FED-BAF1-D17BB7309EA8}.Release|Any CPU.ActiveCfg = Release|Any CPU
		{B4BEF045-25A7-4FED-BAF1-D17BB7309EA8}.Release|Any CPU.Build.0 = Release|Any CPU
		{068E7B0F-45BA-431B-BD14-A734D57C522F}.Debug|Any CPU.ActiveCfg = Debug|Any CPU
		{068E7B0F-45BA-431B-BD14-A734D57C522F}.Debug|Any CPU.Build.0 = Debug|Any CPU
		{068E7B0F-45BA-431B-BD14-A734D57C522F}.Release|Any CPU.ActiveCfg = Release|Any CPU
		{068E7B0F-45BA-431B-BD14-A734D57C522F}.Release|Any CPU.Build.0 = Release|Any CPU
		{8A35AA14-9D21-426D-8D3E-90D43BB3E97A}.Debug|Any CPU.ActiveCfg = Debug|Any CPU
		{8A35AA14-9D21-426D-8D3E-90D43BB3E97A}.Debug|Any CPU.Build.0 = Debug|Any CPU
		{8A35AA14-9D21-426D-8D3E-90D43BB3E97A}.Release|Any CPU.ActiveCfg = Release|Any CPU
		{8A35AA14-9D21-426D-8D3E-90D43BB3E97A}.Release|Any CPU.Build.0 = Release|Any CPU
		{974DDAB2-488E-440E-92F4-6585EB1CEFE2}.Debug|Any CPU.ActiveCfg = Debug|Any CPU
		{974DDAB2-488E-440E-92F4-6585EB1CEFE2}.Debug|Any CPU.Build.0 = Debug|Any CPU
		{974DDAB2-488E-440E-92F4-6585EB1CEFE2}.Release|Any CPU.ActiveCfg = Release|Any CPU
		{974DDAB2-488E-440E-92F4-6585EB1CEFE2}.Release|Any CPU.Build.0 = Release|Any CPU
		{7930B6CE-2F01-4F85-8862-35E99C7F37C2}.Debug|Any CPU.ActiveCfg = Debug|Any CPU
		{7930B6CE-2F01-4F85-8862-35E99C7F37C2}.Debug|Any CPU.Build.0 = Debug|Any CPU
		{7930B6CE-2F01-4F85-8862-35E99C7F37C2}.Release|Any CPU.ActiveCfg = Release|Any CPU
		{7930B6CE-2F01-4F85-8862-35E99C7F37C2}.Release|Any CPU.Build.0 = Release|Any CPU
		{03C9BDD1-A5AA-43C2-85F0-0AD81FD1928B}.Debug|Any CPU.ActiveCfg = Debug|Any CPU
		{03C9BDD1-A5AA-43C2-85F0-0AD81FD1928B}.Debug|Any CPU.Build.0 = Debug|Any CPU
		{03C9BDD1-A5AA-43C2-85F0-0AD81FD1928B}.Release|Any CPU.ActiveCfg = Release|Any CPU
		{03C9BDD1-A5AA-43C2-85F0-0AD81FD1928B}.Release|Any CPU.Build.0 = Release|Any CPU
		{B650ADA1-4CFD-418F-8082-BE0FEC160A90}.Debug|Any CPU.ActiveCfg = Debug|Any CPU
		{B650ADA1-4CFD-418F-8082-BE0FEC160A90}.Debug|Any CPU.Build.0 = Debug|Any CPU
		{B650ADA1-4CFD-418F-8082-BE0FEC160A90}.Release|Any CPU.ActiveCfg = Release|Any CPU
		{B650ADA1-4CFD-418F-8082-BE0FEC160A90}.Release|Any CPU.Build.0 = Release|Any CPU
		{A4EC784A-8EE8-4209-9E6C-A22CAA133B08}.Debug|Any CPU.ActiveCfg = Debug|Any CPU
		{A4EC784A-8EE8-4209-9E6C-A22CAA133B08}.Debug|Any CPU.Build.0 = Debug|Any CPU
		{A4EC784A-8EE8-4209-9E6C-A22CAA133B08}.Release|Any CPU.ActiveCfg = Release|Any CPU
		{A4EC784A-8EE8-4209-9E6C-A22CAA133B08}.Release|Any CPU.Build.0 = Release|Any CPU
		{899E1E95-5DED-4236-9A94-58049194091C}.Debug|Any CPU.ActiveCfg = Debug|Any CPU
		{899E1E95-5DED-4236-9A94-58049194091C}.Debug|Any CPU.Build.0 = Debug|Any CPU
		{899E1E95-5DED-4236-9A94-58049194091C}.Release|Any CPU.ActiveCfg = Release|Any CPU
		{899E1E95-5DED-4236-9A94-58049194091C}.Release|Any CPU.Build.0 = Release|Any CPU
		{0493E8E3-D1C0-4B58-9D10-1A840A7B20E9}.Debug|Any CPU.ActiveCfg = Debug|Any CPU
		{0493E8E3-D1C0-4B58-9D10-1A840A7B20E9}.Debug|Any CPU.Build.0 = Debug|Any CPU
		{0493E8E3-D1C0-4B58-9D10-1A840A7B20E9}.Release|Any CPU.ActiveCfg = Release|Any CPU
		{0493E8E3-D1C0-4B58-9D10-1A840A7B20E9}.Release|Any CPU.Build.0 = Release|Any CPU
		{BAF06077-AE55-4D50-AD4C-D9D2CE1188CF}.Debug|Any CPU.ActiveCfg = Debug|Any CPU
		{BAF06077-AE55-4D50-AD4C-D9D2CE1188CF}.Debug|Any CPU.Build.0 = Debug|Any CPU
		{BAF06077-AE55-4D50-AD4C-D9D2CE1188CF}.Release|Any CPU.ActiveCfg = Release|Any CPU
		{BAF06077-AE55-4D50-AD4C-D9D2CE1188CF}.Release|Any CPU.Build.0 = Release|Any CPU
		{1B0DAAF1-1A3B-4ABE-BF86-C0FAAB37C777}.Debug|Any CPU.ActiveCfg = Debug|Any CPU
		{1B0DAAF1-1A3B-4ABE-BF86-C0FAAB37C777}.Debug|Any CPU.Build.0 = Debug|Any CPU
		{1B0DAAF1-1A3B-4ABE-BF86-C0FAAB37C777}.Release|Any CPU.ActiveCfg = Release|Any CPU
		{1B0DAAF1-1A3B-4ABE-BF86-C0FAAB37C777}.Release|Any CPU.Build.0 = Release|Any CPU
	EndGlobalSection
	GlobalSection(SolutionProperties) = preSolution
		HideSolutionNode = FALSE
	EndGlobalSection
	GlobalSection(NestedProjects) = preSolution
		{199C1D70-870D-48AB-9FF5-93CED8969945} = {8D8F790B-0F10-43FE-9D81-01257D45673B}
		{13003377-22BA-4785-AE37-56A4A33EED83} = {8D8F790B-0F10-43FE-9D81-01257D45673B}
		{3416F9E1-69A5-454F-99EF-57ECDB44072F} = {8D8F790B-0F10-43FE-9D81-01257D45673B}
		{E705A8D2-F8DA-4AC8-882F-5F524529EB10} = {8D8F790B-0F10-43FE-9D81-01257D45673B}
		{D9B97625-1038-4447-8C34-A1B680E74151} = {4559AE1B-DDE3-43F2-B865-C306246F7097}
		{E472655B-F17B-45DF-8546-4D7B596E0FFE} = {4559AE1B-DDE3-43F2-B865-C306246F7097}
		{C946D98A-14C1-45F1-89E9-735531CE483A} = {4559AE1B-DDE3-43F2-B865-C306246F7097}
		{911F6D22-055C-410C-9E02-1379E9CCC48C} = {C946D98A-14C1-45F1-89E9-735531CE483A}
		{0D3F4A64-31F7-40BA-B8E3-9D190A35E83C} = {199C1D70-870D-48AB-9FF5-93CED8969945}
		{8DA49EB1-094C-45A0-BEE2-2A40654C3D0E} = {13003377-22BA-4785-AE37-56A4A33EED83}
		{B4BEF045-25A7-4FED-BAF1-D17BB7309EA8} = {13003377-22BA-4785-AE37-56A4A33EED83}
		{068E7B0F-45BA-431B-BD14-A734D57C522F} = {13003377-22BA-4785-AE37-56A4A33EED83}
		{8A35AA14-9D21-426D-8D3E-90D43BB3E97A} = {13003377-22BA-4785-AE37-56A4A33EED83}
		{DF58448E-FCA1-4E0F-B9C6-4566A070411E} = {3416F9E1-69A5-454F-99EF-57ECDB44072F}
		{974DDAB2-488E-440E-92F4-6585EB1CEFE2} = {DF58448E-FCA1-4E0F-B9C6-4566A070411E}
		{7930B6CE-2F01-4F85-8862-35E99C7F37C2} = {DF58448E-FCA1-4E0F-B9C6-4566A070411E}
		{03C9BDD1-A5AA-43C2-85F0-0AD81FD1928B} = {E705A8D2-F8DA-4AC8-882F-5F524529EB10}
		{B650ADA1-4CFD-418F-8082-BE0FEC160A90} = {D9B97625-1038-4447-8C34-A1B680E74151}
		{A4EC784A-8EE8-4209-9E6C-A22CAA133B08} = {D9B97625-1038-4447-8C34-A1B680E74151}
		{899E1E95-5DED-4236-9A94-58049194091C} = {D9B97625-1038-4447-8C34-A1B680E74151}
		{0493E8E3-D1C0-4B58-9D10-1A840A7B20E9} = {D9B97625-1038-4447-8C34-A1B680E74151}
		{452FD781-09B2-479A-9EA1-CD676C8C3CC1} = {E472655B-F17B-45DF-8546-4D7B596E0FFE}
		{BAF06077-AE55-4D50-AD4C-D9D2CE1188CF} = {452FD781-09B2-479A-9EA1-CD676C8C3CC1}
		{1B0DAAF1-1A3B-4ABE-BF86-C0FAAB37C777} = {452FD781-09B2-479A-9EA1-CD676C8C3CC1}
	EndGlobalSection
	GlobalSection(ExtensibilityGlobals) = postSolution
		SolutionGuid = {384A8CA1-72DD-40B0-B216-E4C4CCEB6A30}
	EndGlobalSection
EndGlobal
